
Microsoft Visual Studio Solution File, Format Version 12.00
# Visual Studio Version 17
VisualStudioVersion = 17.14.36603.0
MinimumVisualStudioVersion = 10.0.40219.1
Project("{2150E333-8FDC-42A3-9474-1A3956D46DE8}") = "Domain", "Domain", "{A280829F-A60B-4974-828D-B20DDD82A75B}"
EndProject
Project("{2150E333-8FDC-42A3-9474-1A3956D46DE8}") = "Application", "Application", "{02B04875-BDE6-4E95-B71F-378E6FF56DEF}"
EndProject
Project("{2150E333-8FDC-42A3-9474-1A3956D46DE8}") = "Infrastructure", "Infrastructure", "{C2CED377-1140-4372-A23D-584DC74279B3}"
EndProject
Project("{2150E333-8FDC-42A3-9474-1A3956D46DE8}") = "Service", "Service", "{92C71529-88F7-493A-8CFC-7A7AAB254968}"
EndProject
Project("{2150E333-8FDC-42A3-9474-1A3956D46DE8}") = "Tests", "Tests", "{A571EC8A-31E5-44A1-9734-22AEDD685A60}"
EndProject
Project("{FAE04EC0-301F-11D3-BF4B-00C04F79EFBC}") = "ZakYip.Sorting.RuleEngine.Domain", "Domain\ZakYip.Sorting.RuleEngine.Domain\ZakYip.Sorting.RuleEngine.Domain.csproj", "{FA1A5522-AB38-41D4-98B7-CEB251FAF18F}"
EndProject
Project("{FAE04EC0-301F-11D3-BF4B-00C04F79EFBC}") = "ZakYip.Sorting.RuleEngine.Application", "Application\ZakYip.Sorting.RuleEngine.Application\ZakYip.Sorting.RuleEngine.Application.csproj", "{1F074B7E-9B96-4A86-A994-22C6867D55F4}"
EndProject
Project("{FAE04EC0-301F-11D3-BF4B-00C04F79EFBC}") = "ZakYip.Sorting.RuleEngine.Infrastructure", "Infrastructure\ZakYip.Sorting.RuleEngine.Infrastructure\ZakYip.Sorting.RuleEngine.Infrastructure.csproj", "{93C4B515-6995-4678-BB0A-3362D67B3D02}"
EndProject
Project("{FAE04EC0-301F-11D3-BF4B-00C04F79EFBC}") = "ZakYip.Sorting.RuleEngine.Service", "Service\ZakYip.Sorting.RuleEngine.Service\ZakYip.Sorting.RuleEngine.Service.csproj", "{72ADF77E-708C-45D7-9DA1-2F4F5F9A3104}"
EndProject
Project("{FAE04EC0-301F-11D3-BF4B-00C04F79EFBC}") = "ZakYip.Sorting.RuleEngine.Tests", "Tests\ZakYip.Sorting.RuleEngine.Tests\ZakYip.Sorting.RuleEngine.Tests.csproj", "{81BB4E19-350E-450C-A1EB-1AC272440211}"
EndProject
Project("{FAE04EC0-301F-11D3-BF4B-00C04F79EFBC}") = "ZakYip.Sorting.RuleEngine.Benchmarks", "Tests\ZakYip.Sorting.RuleEngine.Benchmarks\ZakYip.Sorting.RuleEngine.Benchmarks.csproj", "{6767ED08-3CF1-449F-A9A4-80D9A0B03433}"
EndProject
Project("{FAE04EC0-301F-11D3-BF4B-00C04F79EFBC}") = "ZakYip.Sorting.RuleEngine.LoadTests", "Tests\ZakYip.Sorting.RuleEngine.LoadTests\ZakYip.Sorting.RuleEngine.LoadTests.csproj", "{31C94136-691F-49C2-B5F3-6E270156FD69}"
EndProject
Project("{FAE04EC0-301F-11D3-BF4B-00C04F79EFBC}") = "ZakYip.Sorting.RuleEngine.JushuitanErpApiClient.ConsoleTest", "Tests\ZakYip.Sorting.RuleEngine.JushuitanErpApiClient.ConsoleTest\ZakYip.Sorting.RuleEngine.JushuitanErpApiClient.ConsoleTest.csproj", "{6E4623ED-C2E7-4A7A-86AD-E788B4792D9D}"
EndProject
Project("{FAE04EC0-301F-11D3-BF4B-00C04F79EFBC}") = "ZakYip.Sorting.RuleEngine.PostalApi.ConsoleTest", "Tests\ZakYip.Sorting.RuleEngine.PostalApi.ConsoleTest\ZakYip.Sorting.RuleEngine.PostalApi.ConsoleTest.csproj", "{3AE02F24-2910-4184-85B4-AF904A501885}"
EndProject
Project("{FAE04EC0-301F-11D3-BF4B-00C04F79EFBC}") = "ZakYip.Sorting.RuleEngine.TestConsole", "Tests\ZakYip.Sorting.RuleEngine.TestConsole\ZakYip.Sorting.RuleEngine.TestConsole.csproj", "{49792D4E-2527-4422-B282-9D5BF3E0F061}"
EndProject
Project("{FAE04EC0-301F-11D3-BF4B-00C04F79EFBC}") = "ZakYip.Sorting.RuleEngine.WcsApiClient.ConsoleTest", "Tests\ZakYip.Sorting.RuleEngine.WcsApiClient.ConsoleTest\ZakYip.Sorting.RuleEngine.WcsApiClient.ConsoleTest.csproj", "{ABF4955A-DDC3-4543-AF07-6DC6764BAAAE}"
EndProject
Project("{FAE04EC0-301F-11D3-BF4B-00C04F79EFBC}") = "ZakYip.Sorting.RuleEngine.WdtErpFlagshipApiClient.ConsoleTest", "Tests\ZakYip.Sorting.RuleEngine.WdtErpFlagshipApiClient.ConsoleTest\ZakYip.Sorting.RuleEngine.WdtErpFlagshipApiClient.ConsoleTest.csproj", "{9C115630-1DA8-4D69-B780-274B68A8A5BC}"
EndProject
Project("{FAE04EC0-301F-11D3-BF4B-00C04F79EFBC}") = "ZakYip.Sorting.RuleEngine.WdtWmsApiClient.ConsoleTest", "Tests\ZakYip.Sorting.RuleEngine.WdtWmsApiClient.ConsoleTest\ZakYip.Sorting.RuleEngine.WdtWmsApiClient.ConsoleTest.csproj", "{2C5839D6-0386-4AB7-BBF9-2F738C38D35C}"
EndProject
Project("{FAE04EC0-301F-11D3-BF4B-00C04F79EFBC}") = "ZakYip.Sorting.RuleEngine.DataSimulator", "Tests\ZakYip.Sorting.RuleEngine.DataSimulator\ZakYip.Sorting.RuleEngine.DataSimulator.csproj", "{6BA8BE6C-AA08-4AB5-96FD-963BF4F176A6}"
EndProject
Global
	GlobalSection(SolutionConfigurationPlatforms) = preSolution
		Debug|Any CPU = Debug|Any CPU
		Debug|x64 = Debug|x64
		Debug|x86 = Debug|x86
		Release|Any CPU = Release|Any CPU
		Release|x64 = Release|x64
		Release|x86 = Release|x86
	EndGlobalSection
	GlobalSection(ProjectConfigurationPlatforms) = postSolution
		{FA1A5522-AB38-41D4-98B7-CEB251FAF18F}.Debug|Any CPU.ActiveCfg = Debug|Any CPU
		{FA1A5522-AB38-41D4-98B7-CEB251FAF18F}.Debug|Any CPU.Build.0 = Debug|Any CPU
		{FA1A5522-AB38-41D4-98B7-CEB251FAF18F}.Debug|x64.ActiveCfg = Debug|Any CPU
		{FA1A5522-AB38-41D4-98B7-CEB251FAF18F}.Debug|x64.Build.0 = Debug|Any CPU
		{FA1A5522-AB38-41D4-98B7-CEB251FAF18F}.Debug|x86.ActiveCfg = Debug|Any CPU
		{FA1A5522-AB38-41D4-98B7-CEB251FAF18F}.Debug|x86.Build.0 = Debug|Any CPU
		{FA1A5522-AB38-41D4-98B7-CEB251FAF18F}.Release|Any CPU.ActiveCfg = Release|Any CPU
		{FA1A5522-AB38-41D4-98B7-CEB251FAF18F}.Release|Any CPU.Build.0 = Release|Any CPU
		{FA1A5522-AB38-41D4-98B7-CEB251FAF18F}.Release|x64.ActiveCfg = Release|Any CPU
		{FA1A5522-AB38-41D4-98B7-CEB251FAF18F}.Release|x64.Build.0 = Release|Any CPU
		{FA1A5522-AB38-41D4-98B7-CEB251FAF18F}.Release|x86.ActiveCfg = Release|Any CPU
		{FA1A5522-AB38-41D4-98B7-CEB251FAF18F}.Release|x86.Build.0 = Release|Any CPU
		{1F074B7E-9B96-4A86-A994-22C6867D55F4}.Debug|Any CPU.ActiveCfg = Debug|Any CPU
		{1F074B7E-9B96-4A86-A994-22C6867D55F4}.Debug|Any CPU.Build.0 = Debug|Any CPU
		{1F074B7E-9B96-4A86-A994-22C6867D55F4}.Debug|x64.ActiveCfg = Debug|Any CPU
		{1F074B7E-9B96-4A86-A994-22C6867D55F4}.Debug|x64.Build.0 = Debug|Any CPU
		{1F074B7E-9B96-4A86-A994-22C6867D55F4}.Debug|x86.ActiveCfg = Debug|Any CPU
		{1F074B7E-9B96-4A86-A994-22C6867D55F4}.Debug|x86.Build.0 = Debug|Any CPU
		{1F074B7E-9B96-4A86-A994-22C6867D55F4}.Release|Any CPU.ActiveCfg = Release|Any CPU
		{1F074B7E-9B96-4A86-A994-22C6867D55F4}.Release|Any CPU.Build.0 = Release|Any CPU
		{1F074B7E-9B96-4A86-A994-22C6867D55F4}.Release|x64.ActiveCfg = Release|Any CPU
		{1F074B7E-9B96-4A86-A994-22C6867D55F4}.Release|x64.Build.0 = Release|Any CPU
		{1F074B7E-9B96-4A86-A994-22C6867D55F4}.Release|x86.ActiveCfg = Release|Any CPU
		{1F074B7E-9B96-4A86-A994-22C6867D55F4}.Release|x86.Build.0 = Release|Any CPU
		{93C4B515-6995-4678-BB0A-3362D67B3D02}.Debug|Any CPU.ActiveCfg = Debug|Any CPU
		{93C4B515-6995-4678-BB0A-3362D67B3D02}.Debug|Any CPU.Build.0 = Debug|Any CPU
		{93C4B515-6995-4678-BB0A-3362D67B3D02}.Debug|x64.ActiveCfg = Debug|Any CPU
		{93C4B515-6995-4678-BB0A-3362D67B3D02}.Debug|x64.Build.0 = Debug|Any CPU
		{93C4B515-6995-4678-BB0A-3362D67B3D02}.Debug|x86.ActiveCfg = Debug|Any CPU
		{93C4B515-6995-4678-BB0A-3362D67B3D02}.Debug|x86.Build.0 = Debug|Any CPU
		{93C4B515-6995-4678-BB0A-3362D67B3D02}.Release|Any CPU.ActiveCfg = Release|Any CPU
		{93C4B515-6995-4678-BB0A-3362D67B3D02}.Release|Any CPU.Build.0 = Release|Any CPU
		{93C4B515-6995-4678-BB0A-3362D67B3D02}.Release|x64.ActiveCfg = Release|Any CPU
		{93C4B515-6995-4678-BB0A-3362D67B3D02}.Release|x64.Build.0 = Release|Any CPU
		{93C4B515-6995-4678-BB0A-3362D67B3D02}.Release|x86.ActiveCfg = Release|Any CPU
		{93C4B515-6995-4678-BB0A-3362D67B3D02}.Release|x86.Build.0 = Release|Any CPU
		{72ADF77E-708C-45D7-9DA1-2F4F5F9A3104}.Debug|Any CPU.ActiveCfg = Debug|Any CPU
		{72ADF77E-708C-45D7-9DA1-2F4F5F9A3104}.Debug|Any CPU.Build.0 = Debug|Any CPU
		{72ADF77E-708C-45D7-9DA1-2F4F5F9A3104}.Debug|x64.ActiveCfg = Debug|Any CPU
		{72ADF77E-708C-45D7-9DA1-2F4F5F9A3104}.Debug|x64.Build.0 = Debug|Any CPU
		{72ADF77E-708C-45D7-9DA1-2F4F5F9A3104}.Debug|x86.ActiveCfg = Debug|Any CPU
		{72ADF77E-708C-45D7-9DA1-2F4F5F9A3104}.Debug|x86.Build.0 = Debug|Any CPU
		{72ADF77E-708C-45D7-9DA1-2F4F5F9A3104}.Release|Any CPU.ActiveCfg = Release|Any CPU
		{72ADF77E-708C-45D7-9DA1-2F4F5F9A3104}.Release|Any CPU.Build.0 = Release|Any CPU
		{72ADF77E-708C-45D7-9DA1-2F4F5F9A3104}.Release|x64.ActiveCfg = Release|Any CPU
		{72ADF77E-708C-45D7-9DA1-2F4F5F9A3104}.Release|x64.Build.0 = Release|Any CPU
		{72ADF77E-708C-45D7-9DA1-2F4F5F9A3104}.Release|x86.ActiveCfg = Release|Any CPU
		{72ADF77E-708C-45D7-9DA1-2F4F5F9A3104}.Release|x86.Build.0 = Release|Any CPU
		{81BB4E19-350E-450C-A1EB-1AC272440211}.Debug|Any CPU.ActiveCfg = Debug|Any CPU
		{81BB4E19-350E-450C-A1EB-1AC272440211}.Debug|Any CPU.Build.0 = Debug|Any CPU
		{81BB4E19-350E-450C-A1EB-1AC272440211}.Debug|x64.ActiveCfg = Debug|Any CPU
		{81BB4E19-350E-450C-A1EB-1AC272440211}.Debug|x64.Build.0 = Debug|Any CPU
		{81BB4E19-350E-450C-A1EB-1AC272440211}.Debug|x86.ActiveCfg = Debug|Any CPU
		{81BB4E19-350E-450C-A1EB-1AC272440211}.Debug|x86.Build.0 = Debug|Any CPU
		{81BB4E19-350E-450C-A1EB-1AC272440211}.Release|Any CPU.ActiveCfg = Release|Any CPU
		{81BB4E19-350E-450C-A1EB-1AC272440211}.Release|Any CPU.Build.0 = Release|Any CPU
		{81BB4E19-350E-450C-A1EB-1AC272440211}.Release|x64.ActiveCfg = Release|Any CPU
		{81BB4E19-350E-450C-A1EB-1AC272440211}.Release|x64.Build.0 = Release|Any CPU
		{81BB4E19-350E-450C-A1EB-1AC272440211}.Release|x86.ActiveCfg = Release|Any CPU
		{81BB4E19-350E-450C-A1EB-1AC272440211}.Release|x86.Build.0 = Release|Any CPU
		{6767ED08-3CF1-449F-A9A4-80D9A0B03433}.Debug|Any CPU.ActiveCfg = Debug|Any CPU
		{6767ED08-3CF1-449F-A9A4-80D9A0B03433}.Debug|Any CPU.Build.0 = Debug|Any CPU
		{6767ED08-3CF1-449F-A9A4-80D9A0B03433}.Debug|x64.ActiveCfg = Debug|Any CPU
		{6767ED08-3CF1-449F-A9A4-80D9A0B03433}.Debug|x64.Build.0 = Debug|Any CPU
		{6767ED08-3CF1-449F-A9A4-80D9A0B03433}.Debug|x86.ActiveCfg = Debug|Any CPU
		{6767ED08-3CF1-449F-A9A4-80D9A0B03433}.Debug|x86.Build.0 = Debug|Any CPU
		{6767ED08-3CF1-449F-A9A4-80D9A0B03433}.Release|Any CPU.ActiveCfg = Release|Any CPU
		{6767ED08-3CF1-449F-A9A4-80D9A0B03433}.Release|Any CPU.Build.0 = Release|Any CPU
		{6767ED08-3CF1-449F-A9A4-80D9A0B03433}.Release|x64.ActiveCfg = Release|Any CPU
		{6767ED08-3CF1-449F-A9A4-80D9A0B03433}.Release|x64.Build.0 = Release|Any CPU
		{6767ED08-3CF1-449F-A9A4-80D9A0B03433}.Release|x86.ActiveCfg = Release|Any CPU
		{6767ED08-3CF1-449F-A9A4-80D9A0B03433}.Release|x86.Build.0 = Release|Any CPU
		{31C94136-691F-49C2-B5F3-6E270156FD69}.Debug|Any CPU.ActiveCfg = Debug|Any CPU
		{31C94136-691F-49C2-B5F3-6E270156FD69}.Debug|Any CPU.Build.0 = Debug|Any CPU
		{31C94136-691F-49C2-B5F3-6E270156FD69}.Debug|x64.ActiveCfg = Debug|Any CPU
		{31C94136-691F-49C2-B5F3-6E270156FD69}.Debug|x64.Build.0 = Debug|Any CPU
		{31C94136-691F-49C2-B5F3-6E270156FD69}.Debug|x86.ActiveCfg = Debug|Any CPU
		{31C94136-691F-49C2-B5F3-6E270156FD69}.Debug|x86.Build.0 = Debug|Any CPU
		{31C94136-691F-49C2-B5F3-6E270156FD69}.Release|Any CPU.ActiveCfg = Release|Any CPU
		{31C94136-691F-49C2-B5F3-6E270156FD69}.Release|Any CPU.Build.0 = Release|Any CPU
		{31C94136-691F-49C2-B5F3-6E270156FD69}.Release|x64.ActiveCfg = Release|Any CPU
		{31C94136-691F-49C2-B5F3-6E270156FD69}.Release|x64.Build.0 = Release|Any CPU
		{31C94136-691F-49C2-B5F3-6E270156FD69}.Release|x86.ActiveCfg = Release|Any CPU
		{31C94136-691F-49C2-B5F3-6E270156FD69}.Release|x86.Build.0 = Release|Any CPU
		{6E4623ED-C2E7-4A7A-86AD-E788B4792D9D}.Debug|Any CPU.ActiveCfg = Debug|Any CPU
		{6E4623ED-C2E7-4A7A-86AD-E788B4792D9D}.Debug|Any CPU.Build.0 = Debug|Any CPU
		{6E4623ED-C2E7-4A7A-86AD-E788B4792D9D}.Debug|x64.ActiveCfg = Debug|Any CPU
		{6E4623ED-C2E7-4A7A-86AD-E788B4792D9D}.Debug|x64.Build.0 = Debug|Any CPU
		{6E4623ED-C2E7-4A7A-86AD-E788B4792D9D}.Debug|x86.ActiveCfg = Debug|Any CPU
		{6E4623ED-C2E7-4A7A-86AD-E788B4792D9D}.Debug|x86.Build.0 = Debug|Any CPU
		{6E4623ED-C2E7-4A7A-86AD-E788B4792D9D}.Release|Any CPU.ActiveCfg = Release|Any CPU
		{6E4623ED-C2E7-4A7A-86AD-E788B4792D9D}.Release|Any CPU.Build.0 = Release|Any CPU
		{6E4623ED-C2E7-4A7A-86AD-E788B4792D9D}.Release|x64.ActiveCfg = Release|Any CPU
		{6E4623ED-C2E7-4A7A-86AD-E788B4792D9D}.Release|x64.Build.0 = Release|Any CPU
		{6E4623ED-C2E7-4A7A-86AD-E788B4792D9D}.Release|x86.ActiveCfg = Release|Any CPU
		{6E4623ED-C2E7-4A7A-86AD-E788B4792D9D}.Release|x86.Build.0 = Release|Any CPU
		{3AE02F24-2910-4184-85B4-AF904A501885}.Debug|Any CPU.ActiveCfg = Debug|Any CPU
		{3AE02F24-2910-4184-85B4-AF904A501885}.Debug|Any CPU.Build.0 = Debug|Any CPU
		{3AE02F24-2910-4184-85B4-AF904A501885}.Debug|x64.ActiveCfg = Debug|Any CPU
		{3AE02F24-2910-4184-85B4-AF904A501885}.Debug|x64.Build.0 = Debug|Any CPU
		{3AE02F24-2910-4184-85B4-AF904A501885}.Debug|x86.ActiveCfg = Debug|Any CPU
		{3AE02F24-2910-4184-85B4-AF904A501885}.Debug|x86.Build.0 = Debug|Any CPU
		{3AE02F24-2910-4184-85B4-AF904A501885}.Release|Any CPU.ActiveCfg = Release|Any CPU
		{3AE02F24-2910-4184-85B4-AF904A501885}.Release|Any CPU.Build.0 = Release|Any CPU
		{3AE02F24-2910-4184-85B4-AF904A501885}.Release|x64.ActiveCfg = Release|Any CPU
		{3AE02F24-2910-4184-85B4-AF904A501885}.Release|x64.Build.0 = Release|Any CPU
		{3AE02F24-2910-4184-85B4-AF904A501885}.Release|x86.ActiveCfg = Release|Any CPU
		{3AE02F24-2910-4184-85B4-AF904A501885}.Release|x86.Build.0 = Release|Any CPU
		{49792D4E-2527-4422-B282-9D5BF3E0F061}.Debug|Any CPU.ActiveCfg = Debug|Any CPU
		{49792D4E-2527-4422-B282-9D5BF3E0F061}.Debug|Any CPU.Build.0 = Debug|Any CPU
		{49792D4E-2527-4422-B282-9D5BF3E0F061}.Debug|x64.ActiveCfg = Debug|Any CPU
		{49792D4E-2527-4422-B282-9D5BF3E0F061}.Debug|x64.Build.0 = Debug|Any CPU
		{49792D4E-2527-4422-B282-9D5BF3E0F061}.Debug|x86.ActiveCfg = Debug|Any CPU
		{49792D4E-2527-4422-B282-9D5BF3E0F061}.Debug|x86.Build.0 = Debug|Any CPU
		{49792D4E-2527-4422-B282-9D5BF3E0F061}.Release|Any CPU.ActiveCfg = Release|Any CPU
		{49792D4E-2527-4422-B282-9D5BF3E0F061}.Release|Any CPU.Build.0 = Release|Any CPU
		{49792D4E-2527-4422-B282-9D5BF3E0F061}.Release|x64.ActiveCfg = Release|Any CPU
		{49792D4E-2527-4422-B282-9D5BF3E0F061}.Release|x64.Build.0 = Release|Any CPU
		{49792D4E-2527-4422-B282-9D5BF3E0F061}.Release|x86.ActiveCfg = Release|Any CPU
		{49792D4E-2527-4422-B282-9D5BF3E0F061}.Release|x86.Build.0 = Release|Any CPU
		{ABF4955A-DDC3-4543-AF07-6DC6764BAAAE}.Debug|Any CPU.ActiveCfg = Debug|Any CPU
		{ABF4955A-DDC3-4543-AF07-6DC6764BAAAE}.Debug|Any CPU.Build.0 = Debug|Any CPU
		{ABF4955A-DDC3-4543-AF07-6DC6764BAAAE}.Debug|x64.ActiveCfg = Debug|Any CPU
		{ABF4955A-DDC3-4543-AF07-6DC6764BAAAE}.Debug|x64.Build.0 = Debug|Any CPU
		{ABF4955A-DDC3-4543-AF07-6DC6764BAAAE}.Debug|x86.ActiveCfg = Debug|Any CPU
		{ABF4955A-DDC3-4543-AF07-6DC6764BAAAE}.Debug|x86.Build.0 = Debug|Any CPU
		{ABF4955A-DDC3-4543-AF07-6DC6764BAAAE}.Release|Any CPU.ActiveCfg = Release|Any CPU
		{ABF4955A-DDC3-4543-AF07-6DC6764BAAAE}.Release|Any CPU.Build.0 = Release|Any CPU
		{ABF4955A-DDC3-4543-AF07-6DC6764BAAAE}.Release|x64.ActiveCfg = Release|Any CPU
		{ABF4955A-DDC3-4543-AF07-6DC6764BAAAE}.Release|x64.Build.0 = Release|Any CPU
		{ABF4955A-DDC3-4543-AF07-6DC6764BAAAE}.Release|x86.ActiveCfg = Release|Any CPU
		{ABF4955A-DDC3-4543-AF07-6DC6764BAAAE}.Release|x86.Build.0 = Release|Any CPU
		{9C115630-1DA8-4D69-B780-274B68A8A5BC}.Debug|Any CPU.ActiveCfg = Debug|Any CPU
		{9C115630-1DA8-4D69-B780-274B68A8A5BC}.Debug|Any CPU.Build.0 = Debug|Any CPU
		{9C115630-1DA8-4D69-B780-274B68A8A5BC}.Debug|x64.ActiveCfg = Debug|Any CPU
		{9C115630-1DA8-4D69-B780-274B68A8A5BC}.Debug|x64.Build.0 = Debug|Any CPU
		{9C115630-1DA8-4D69-B780-274B68A8A5BC}.Debug|x86.ActiveCfg = Debug|Any CPU
		{9C115630-1DA8-4D69-B780-274B68A8A5BC}.Debug|x86.Build.0 = Debug|Any CPU
		{9C115630-1DA8-4D69-B780-274B68A8A5BC}.Release|Any CPU.ActiveCfg = Release|Any CPU
		{9C115630-1DA8-4D69-B780-274B68A8A5BC}.Release|Any CPU.Build.0 = Release|Any CPU
		{9C115630-1DA8-4D69-B780-274B68A8A5BC}.Release|x64.ActiveCfg = Release|Any CPU
		{9C115630-1DA8-4D69-B780-274B68A8A5BC}.Release|x64.Build.0 = Release|Any CPU
		{9C115630-1DA8-4D69-B780-274B68A8A5BC}.Release|x86.ActiveCfg = Release|Any CPU
		{9C115630-1DA8-4D69-B780-274B68A8A5BC}.Release|x86.Build.0 = Release|Any CPU
		{2C5839D6-0386-4AB7-BBF9-2F738C38D35C}.Debug|Any CPU.ActiveCfg = Debug|Any CPU
		{2C5839D6-0386-4AB7-BBF9-2F738C38D35C}.Debug|Any CPU.Build.0 = Debug|Any CPU
		{2C5839D6-0386-4AB7-BBF9-2F738C38D35C}.Debug|x64.ActiveCfg = Debug|Any CPU
		{2C5839D6-0386-4AB7-BBF9-2F738C38D35C}.Debug|x64.Build.0 = Debug|Any CPU
		{2C5839D6-0386-4AB7-BBF9-2F738C38D35C}.Debug|x86.ActiveCfg = Debug|Any CPU
		{2C5839D6-0386-4AB7-BBF9-2F738C38D35C}.Debug|x86.Build.0 = Debug|Any CPU
		{2C5839D6-0386-4AB7-BBF9-2F738C38D35C}.Release|Any CPU.ActiveCfg = Release|Any CPU
		{2C5839D6-0386-4AB7-BBF9-2F738C38D35C}.Release|Any CPU.Build.0 = Release|Any CPU
		{2C5839D6-0386-4AB7-BBF9-2F738C38D35C}.Release|x64.ActiveCfg = Release|Any CPU
		{2C5839D6-0386-4AB7-BBF9-2F738C38D35C}.Release|x64.Build.0 = Release|Any CPU
		{2C5839D6-0386-4AB7-BBF9-2F738C38D35C}.Release|x86.ActiveCfg = Release|Any CPU
		{2C5839D6-0386-4AB7-BBF9-2F738C38D35C}.Release|x86.Build.0 = Release|Any CPU
		{6BA8BE6C-AA08-4AB5-96FD-963BF4F176A6}.Debug|Any CPU.ActiveCfg = Debug|Any CPU
		{6BA8BE6C-AA08-4AB5-96FD-963BF4F176A6}.Debug|Any CPU.Build.0 = Debug|Any CPU
		{6BA8BE6C-AA08-4AB5-96FD-963BF4F176A6}.Debug|x64.ActiveCfg = Debug|Any CPU
		{6BA8BE6C-AA08-4AB5-96FD-963BF4F176A6}.Debug|x64.Build.0 = Debug|Any CPU
		{6BA8BE6C-AA08-4AB5-96FD-963BF4F176A6}.Debug|x86.ActiveCfg = Debug|Any CPU
		{6BA8BE6C-AA08-4AB5-96FD-963BF4F176A6}.Debug|x86.Build.0 = Debug|Any CPU
		{6BA8BE6C-AA08-4AB5-96FD-963BF4F176A6}.Release|Any CPU.ActiveCfg = Release|Any CPU
		{6BA8BE6C-AA08-4AB5-96FD-963BF4F176A6}.Release|Any CPU.Build.0 = Release|Any CPU
		{6BA8BE6C-AA08-4AB5-96FD-963BF4F176A6}.Release|x64.ActiveCfg = Release|Any CPU
		{6BA8BE6C-AA08-4AB5-96FD-963BF4F176A6}.Release|x64.Build.0 = Release|Any CPU
		{6BA8BE6C-AA08-4AB5-96FD-963BF4F176A6}.Release|x86.ActiveCfg = Release|Any CPU
		{6BA8BE6C-AA08-4AB5-96FD-963BF4F176A6}.Release|x86.Build.0 = Release|Any CPU
	EndGlobalSection
	GlobalSection(SolutionProperties) = preSolution
		HideSolutionNode = FALSE
	EndGlobalSection
	GlobalSection(NestedProjects) = preSolution
		{FA1A5522-AB38-41D4-98B7-CEB251FAF18F} = {A280829F-A60B-4974-828D-B20DDD82A75B}
		{1F074B7E-9B96-4A86-A994-22C6867D55F4} = {02B04875-BDE6-4E95-B71F-378E6FF56DEF}
		{93C4B515-6995-4678-BB0A-3362D67B3D02} = {C2CED377-1140-4372-A23D-584DC74279B3}
		{72ADF77E-708C-45D7-9DA1-2F4F5F9A3104} = {92C71529-88F7-493A-8CFC-7A7AAB254968}
		{81BB4E19-350E-450C-A1EB-1AC272440211} = {A571EC8A-31E5-44A1-9734-22AEDD685A60}
		{31C94136-691F-49C2-B5F3-6E270156FD69} = {A571EC8A-31E5-44A1-9734-22AEDD685A60}
		{6E4623ED-C2E7-4A7A-86AD-E788B4792D9D} = {A571EC8A-31E5-44A1-9734-22AEDD685A60}
		{3AE02F24-2910-4184-85B4-AF904A501885} = {A571EC8A-31E5-44A1-9734-22AEDD685A60}
		{49792D4E-2527-4422-B282-9D5BF3E0F061} = {A571EC8A-31E5-44A1-9734-22AEDD685A60}
		{ABF4955A-DDC3-4543-AF07-6DC6764BAAAE} = {A571EC8A-31E5-44A1-9734-22AEDD685A60}
		{9C115630-1DA8-4D69-B780-274B68A8A5BC} = {A571EC8A-31E5-44A1-9734-22AEDD685A60}
		{2C5839D6-0386-4AB7-BBF9-2F738C38D35C} = {A571EC8A-31E5-44A1-9734-22AEDD685A60}
		{6BA8BE6C-AA08-4AB5-96FD-963BF4F176A6} = {A571EC8A-31E5-44A1-9734-22AEDD685A60}
	EndGlobalSection
	GlobalSection(ExtensibilityGlobals) = postSolution
		SolutionGuid = {E1321DB1-6AFE-499A-B1D8-485B988F98E0}
	EndGlobalSection
EndGlobal
