
Microsoft Visual Studio Solution File, Format Version 12.00
# Visual Studio Version 17
VisualStudioVersion = 17.14.36603.0
MinimumVisualStudioVersion = 10.0.40219.1
Project("{FAE04EC0-301F-11D3-BF4B-00C04F79EFBC}") = "ZakYip.Sorting.RuleEngine", "ZakYip.Sorting.RuleEngine\ZakYip.Sorting.RuleEngine.csproj", "{9C4B8CBC-F53F-48DD-A896-7526FE097717}"
EndProject
Project("{FAE04EC0-301F-11D3-BF4B-00C04F79EFBC}") = "ZakYip.Sorting.RuleEngine.Domain", "ZakYip.Sorting.RuleEngine.Domain\ZakYip.Sorting.RuleEngine.Domain.csproj", "{FA1A5522-AB38-41D4-98B7-CEB251FAF18F}"
EndProject
Project("{FAE04EC0-301F-11D3-BF4B-00C04F79EFBC}") = "ZakYip.Sorting.RuleEngine.Application", "ZakYip.Sorting.RuleEngine.Application\ZakYip.Sorting.RuleEngine.Application.csproj", "{1F074B7E-9B96-4A86-A994-22C6867D55F4}"
EndProject
Project("{FAE04EC0-301F-11D3-BF4B-00C04F79EFBC}") = "ZakYip.Sorting.RuleEngine.Infrastructure", "ZakYip.Sorting.RuleEngine.Infrastructure\ZakYip.Sorting.RuleEngine.Infrastructure.csproj", "{93C4B515-6995-4678-BB0A-3362D67B3D02}"
EndProject
Project("{FAE04EC0-301F-11D3-BF4B-00C04F79EFBC}") = "ZakYip.Sorting.RuleEngine.Service", "ZakYip.Sorting.RuleEngine.Service\ZakYip.Sorting.RuleEngine.Service.csproj", "{72ADF77E-708C-45D7-9DA1-2F4F5F9A3104}"
EndProject
Project("{FAE04EC0-301F-11D3-BF4B-00C04F79EFBC}") = "ZakYip.Sorting.RuleEngine.Tests", "ZakYip.Sorting.RuleEngine.Tests\ZakYip.Sorting.RuleEngine.Tests.csproj", "{81BB4E19-350E-450C-A1EB-1AC272440211}"
EndProject
Project("{FAE04EC0-301F-11D3-BF4B-00C04F79EFBC}") = "ZakYip.Sorting.RuleEngine.TestConsole", "ZakYip.Sorting.RuleEngine.TestConsole\ZakYip.Sorting.RuleEngine.TestConsole.csproj", "{0E166932-E042-4E3A-A243-AB6ED668A4CB}"
EndProject
Project("{FAE04EC0-301F-11D3-BF4B-00C04F79EFBC}") = "ZakYip.Sorting.RuleEngine.Benchmarks", "ZakYip.Sorting.RuleEngine.Benchmarks\ZakYip.Sorting.RuleEngine.Benchmarks.csproj", "{6767ED08-3CF1-449F-A9A4-80D9A0B03433}"
EndProject
Global
	GlobalSection(SolutionConfigurationPlatforms) = preSolution
		Debug|Any CPU = Debug|Any CPU
		Debug|x64 = Debug|x64
		Debug|x86 = Debug|x86
		Release|Any CPU = Release|Any CPU
		Release|x64 = Release|x64
		Release|x86 = Release|x86
	EndGlobalSection
	GlobalSection(ProjectConfigurationPlatforms) = postSolution
		{9C4B8CBC-F53F-48DD-A896-7526FE097717}.Debug|Any CPU.ActiveCfg = Debug|Any CPU
		{9C4B8CBC-F53F-48DD-A896-7526FE097717}.Debug|Any CPU.Build.0 = Debug|Any CPU
		{9C4B8CBC-F53F-48DD-A896-7526FE097717}.Debug|x64.ActiveCfg = Debug|Any CPU
		{9C4B8CBC-F53F-48DD-A896-7526FE097717}.Debug|x64.Build.0 = Debug|Any CPU
		{9C4B8CBC-F53F-48DD-A896-7526FE097717}.Debug|x86.ActiveCfg = Debug|Any CPU
		{9C4B8CBC-F53F-48DD-A896-7526FE097717}.Debug|x86.Build.0 = Debug|Any CPU
		{9C4B8CBC-F53F-48DD-A896-7526FE097717}.Release|Any CPU.ActiveCfg = Release|Any CPU
		{9C4B8CBC-F53F-48DD-A896-7526FE097717}.Release|Any CPU.Build.0 = Release|Any CPU
		{9C4B8CBC-F53F-48DD-A896-7526FE097717}.Release|x64.ActiveCfg = Release|Any CPU
		{9C4B8CBC-F53F-48DD-A896-7526FE097717}.Release|x64.Build.0 = Release|Any CPU
		{9C4B8CBC-F53F-48DD-A896-7526FE097717}.Release|x86.ActiveCfg = Release|Any CPU
		{9C4B8CBC-F53F-48DD-A896-7526FE097717}.Release|x86.Build.0 = Release|Any CPU
		{FA1A5522-AB38-41D4-98B7-CEB251FAF18F}.Debug|Any CPU.ActiveCfg = Debug|Any CPU
		{FA1A5522-AB38-41D4-98B7-CEB251FAF18F}.Debug|Any CPU.Build.0 = Debug|Any CPU
		{FA1A5522-AB38-41D4-98B7-CEB251FAF18F}.Debug|x64.ActiveCfg = Debug|Any CPU
		{FA1A5522-AB38-41D4-98B7-CEB251FAF18F}.Debug|x64.Build.0 = Debug|Any CPU
		{FA1A5522-AB38-41D4-98B7-CEB251FAF18F}.Debug|x86.ActiveCfg = Debug|Any CPU
		{FA1A5522-AB38-41D4-98B7-CEB251FAF18F}.Debug|x86.Build.0 = Debug|Any CPU
		{FA1A5522-AB38-41D4-98B7-CEB251FAF18F}.Release|Any CPU.ActiveCfg = Release|Any CPU
		{FA1A5522-AB38-41D4-98B7-CEB251FAF18F}.Release|Any CPU.Build.0 = Release|Any CPU
		{FA1A5522-AB38-41D4-98B7-CEB251FAF18F}.Release|x64.ActiveCfg = Release|Any CPU
		{FA1A5522-AB38-41D4-98B7-CEB251FAF18F}.Release|x64.Build.0 = Release|Any CPU
		{FA1A5522-AB38-41D4-98B7-CEB251FAF18F}.Release|x86.ActiveCfg = Release|Any CPU
		{FA1A5522-AB38-41D4-98B7-CEB251FAF18F}.Release|x86.Build.0 = Release|Any CPU
		{1F074B7E-9B96-4A86-A994-22C6867D55F4}.Debug|Any CPU.ActiveCfg = Debug|Any CPU
		{1F074B7E-9B96-4A86-A994-22C6867D55F4}.Debug|Any CPU.Build.0 = Debug|Any CPU
		{1F074B7E-9B96-4A86-A994-22C6867D55F4}.Debug|x64.ActiveCfg = Debug|Any CPU
		{1F074B7E-9B96-4A86-A994-22C6867D55F4}.Debug|x64.Build.0 = Debug|Any CPU
		{1F074B7E-9B96-4A86-A994-22C6867D55F4}.Debug|x86.ActiveCfg = Debug|Any CPU
		{1F074B7E-9B96-4A86-A994-22C6867D55F4}.Debug|x86.Build.0 = Debug|Any CPU
		{1F074B7E-9B96-4A86-A994-22C6867D55F4}.Release|Any CPU.ActiveCfg = Release|Any CPU
		{1F074B7E-9B96-4A86-A994-22C6867D55F4}.Release|Any CPU.Build.0 = Release|Any CPU
		{1F074B7E-9B96-4A86-A994-22C6867D55F4}.Release|x64.ActiveCfg = Release|Any CPU
		{1F074B7E-9B96-4A86-A994-22C6867D55F4}.Release|x64.Build.0 = Release|Any CPU
		{1F074B7E-9B96-4A86-A994-22C6867D55F4}.Release|x86.ActiveCfg = Release|Any CPU
		{1F074B7E-9B96-4A86-A994-22C6867D55F4}.Release|x86.Build.0 = Release|Any CPU
		{93C4B515-6995-4678-BB0A-3362D67B3D02}.Debug|Any CPU.ActiveCfg = Debug|Any CPU
		{93C4B515-6995-4678-BB0A-3362D67B3D02}.Debug|Any CPU.Build.0 = Debug|Any CPU
		{93C4B515-6995-4678-BB0A-3362D67B3D02}.Debug|x64.ActiveCfg = Debug|Any CPU
		{93C4B515-6995-4678-BB0A-3362D67B3D02}.Debug|x64.Build.0 = Debug|Any CPU
		{93C4B515-6995-4678-BB0A-3362D67B3D02}.Debug|x86.ActiveCfg = Debug|Any CPU
		{93C4B515-6995-4678-BB0A-3362D67B3D02}.Debug|x86.Build.0 = Debug|Any CPU
		{93C4B515-6995-4678-BB0A-3362D67B3D02}.Release|Any CPU.ActiveCfg = Release|Any CPU
		{93C4B515-6995-4678-BB0A-3362D67B3D02}.Release|Any CPU.Build.0 = Release|Any CPU
		{93C4B515-6995-4678-BB0A-3362D67B3D02}.Release|x64.ActiveCfg = Release|Any CPU
		{93C4B515-6995-4678-BB0A-3362D67B3D02}.Release|x64.Build.0 = Release|Any CPU
		{93C4B515-6995-4678-BB0A-3362D67B3D02}.Release|x86.ActiveCfg = Release|Any CPU
		{93C4B515-6995-4678-BB0A-3362D67B3D02}.Release|x86.Build.0 = Release|Any CPU
		{72ADF77E-708C-45D7-9DA1-2F4F5F9A3104}.Debug|Any CPU.ActiveCfg = Debug|Any CPU
		{72ADF77E-708C-45D7-9DA1-2F4F5F9A3104}.Debug|Any CPU.Build.0 = Debug|Any CPU
		{72ADF77E-708C-45D7-9DA1-2F4F5F9A3104}.Debug|x64.ActiveCfg = Debug|Any CPU
		{72ADF77E-708C-45D7-9DA1-2F4F5F9A3104}.Debug|x64.Build.0 = Debug|Any CPU
		{72ADF77E-708C-45D7-9DA1-2F4F5F9A3104}.Debug|x86.ActiveCfg = Debug|Any CPU
		{72ADF77E-708C-45D7-9DA1-2F4F5F9A3104}.Debug|x86.Build.0 = Debug|Any CPU
		{72ADF77E-708C-45D7-9DA1-2F4F5F9A3104}.Release|Any CPU.ActiveCfg = Release|Any CPU
		{72ADF77E-708C-45D7-9DA1-2F4F5F9A3104}.Release|Any CPU.Build.0 = Release|Any CPU
		{72ADF77E-708C-45D7-9DA1-2F4F5F9A3104}.Release|x64.ActiveCfg = Release|Any CPU
		{72ADF77E-708C-45D7-9DA1-2F4F5F9A3104}.Release|x64.Build.0 = Release|Any CPU
		{72ADF77E-708C-45D7-9DA1-2F4F5F9A3104}.Release|x86.ActiveCfg = Release|Any CPU
		{72ADF77E-708C-45D7-9DA1-2F4F5F9A3104}.Release|x86.Build.0 = Release|Any CPU
		{81BB4E19-350E-450C-A1EB-1AC272440211}.Debug|Any CPU.ActiveCfg = Debug|Any CPU
		{81BB4E19-350E-450C-A1EB-1AC272440211}.Debug|Any CPU.Build.0 = Debug|Any CPU
		{81BB4E19-350E-450C-A1EB-1AC272440211}.Debug|x64.ActiveCfg = Debug|Any CPU
		{81BB4E19-350E-450C-A1EB-1AC272440211}.Debug|x64.Build.0 = Debug|Any CPU
		{81BB4E19-350E-450C-A1EB-1AC272440211}.Debug|x86.ActiveCfg = Debug|Any CPU
		{81BB4E19-350E-450C-A1EB-1AC272440211}.Debug|x86.Build.0 = Debug|Any CPU
		{81BB4E19-350E-450C-A1EB-1AC272440211}.Release|Any CPU.ActiveCfg = Release|Any CPU
		{81BB4E19-350E-450C-A1EB-1AC272440211}.Release|Any CPU.Build.0 = Release|Any CPU
		{81BB4E19-350E-450C-A1EB-1AC272440211}.Release|x64.ActiveCfg = Release|Any CPU
		{81BB4E19-350E-450C-A1EB-1AC272440211}.Release|x64.Build.0 = Release|Any CPU
		{81BB4E19-350E-450C-A1EB-1AC272440211}.Release|x86.ActiveCfg = Release|Any CPU
		{81BB4E19-350E-450C-A1EB-1AC272440211}.Release|x86.Build.0 = Release|Any CPU
		{0E166932-E042-4E3A-A243-AB6ED668A4CB}.Debug|Any CPU.ActiveCfg = Debug|Any CPU
		{0E166932-E042-4E3A-A243-AB6ED668A4CB}.Debug|Any CPU.Build.0 = Debug|Any CPU
		{0E166932-E042-4E3A-A243-AB6ED668A4CB}.Debug|x64.ActiveCfg = Debug|Any CPU
		{0E166932-E042-4E3A-A243-AB6ED668A4CB}.Debug|x64.Build.0 = Debug|Any CPU
		{0E166932-E042-4E3A-A243-AB6ED668A4CB}.Debug|x86.ActiveCfg = Debug|Any CPU
		{0E166932-E042-4E3A-A243-AB6ED668A4CB}.Debug|x86.Build.0 = Debug|Any CPU
		{0E166932-E042-4E3A-A243-AB6ED668A4CB}.Release|Any CPU.ActiveCfg = Release|Any CPU
		{0E166932-E042-4E3A-A243-AB6ED668A4CB}.Release|Any CPU.Build.0 = Release|Any CPU
		{0E166932-E042-4E3A-A243-AB6ED668A4CB}.Release|x64.ActiveCfg = Release|Any CPU
		{0E166932-E042-4E3A-A243-AB6ED668A4CB}.Release|x64.Build.0 = Release|Any CPU
		{0E166932-E042-4E3A-A243-AB6ED668A4CB}.Release|x86.ActiveCfg = Release|Any CPU
		{0E166932-E042-4E3A-A243-AB6ED668A4CB}.Release|x86.Build.0 = Release|Any CPU
		{6767ED08-3CF1-449F-A9A4-80D9A0B03433}.Debug|Any CPU.ActiveCfg = Debug|Any CPU
		{6767ED08-3CF1-449F-A9A4-80D9A0B03433}.Debug|Any CPU.Build.0 = Debug|Any CPU
		{6767ED08-3CF1-449F-A9A4-80D9A0B03433}.Debug|x64.ActiveCfg = Debug|Any CPU
		{6767ED08-3CF1-449F-A9A4-80D9A0B03433}.Debug|x64.Build.0 = Debug|Any CPU
		{6767ED08-3CF1-449F-A9A4-80D9A0B03433}.Debug|x86.ActiveCfg = Debug|Any CPU
		{6767ED08-3CF1-449F-A9A4-80D9A0B03433}.Debug|x86.Build.0 = Debug|Any CPU
		{6767ED08-3CF1-449F-A9A4-80D9A0B03433}.Release|Any CPU.ActiveCfg = Release|Any CPU
		{6767ED08-3CF1-449F-A9A4-80D9A0B03433}.Release|Any CPU.Build.0 = Release|Any CPU
		{6767ED08-3CF1-449F-A9A4-80D9A0B03433}.Release|x64.ActiveCfg = Release|Any CPU
		{6767ED08-3CF1-449F-A9A4-80D9A0B03433}.Release|x64.Build.0 = Release|Any CPU
		{6767ED08-3CF1-449F-A9A4-80D9A0B03433}.Release|x86.ActiveCfg = Release|Any CPU
		{6767ED08-3CF1-449F-A9A4-80D9A0B03433}.Release|x86.Build.0 = Release|Any CPU
	EndGlobalSection
	GlobalSection(SolutionProperties) = preSolution
		HideSolutionNode = FALSE
	EndGlobalSection
	GlobalSection(ExtensibilityGlobals) = postSolution
		SolutionGuid = {E1321DB1-6AFE-499A-B1D8-485B988F98E0}
	EndGlobalSection
EndGlobal
