
Microsoft Visual Studio Solution File, Format Version 12.00
# Visual Studio Version 17
VisualStudioVersion = 17.14.36603.0
MinimumVisualStudioVersion = 10.0.40219.1
Project("{2150E333-8FDC-42A3-9474-1A3956D46DE8}") = "Core", "Core", "{8E4A3F5D-7B9C-4F8A-9E3D-2A5B6C1D8E4F}"
EndProject
Project("{2150E333-8FDC-42A3-9474-1A3956D46DE8}") = "Domain", "Domain", "{9D5B4F6E-8C0D-4F9B-0F4E-3B6C7D2E9F5G}"
EndProject
Project("{2150E333-8FDC-42A3-9474-1A3956D46DE8}") = "Application", "Application", "{0E6C5G7F-9D1E-4G0C-1G5F-4C7D8E3F0G6H}"
EndProject
Project("{2150E333-8FDC-42A3-9474-1A3956D46DE8}") = "Infrastructure", "Infrastructure", "{1F7D6H8G-0E2F-4H1D-2H6G-5D8E9F4G1H7I}"
EndProject
Project("{2150E333-8FDC-42A3-9474-1A3956D46DE8}") = "Service", "Service", "{2G8E7I9H-1F3G-4I2E-3I7H-6E9F0G5H2I8J}"
EndProject
Project("{2150E333-8FDC-42A3-9474-1A3956D46DE8}") = "Tests", "Tests", "{3H9F8J0I-2G4H-4J3F-4J8I-7F0G1H6I3J9K}"
EndProject
Project("{2150E333-8FDC-42A3-9474-1A3956D46DE8}") = "Console", "Console", "{4I0G9K1J-3H5I-4K4G-5K9J-8G1H2I7J4K0L}"
EndProject
Project("{FAE04EC0-301F-11D3-BF4B-00C04F79EFBC}") = "ZakYip.Sorting.RuleEngine", "ZakYip.Sorting.RuleEngine\ZakYip.Sorting.RuleEngine.csproj", "{9C4B8CBC-F53F-48DD-A896-7526FE097717}"
EndProject
Project("{FAE04EC0-301F-11D3-BF4B-00C04F79EFBC}") = "ZakYip.Sorting.RuleEngine.Domain", "ZakYip.Sorting.RuleEngine.Domain\ZakYip.Sorting.RuleEngine.Domain.csproj", "{FA1A5522-AB38-41D4-98B7-CEB251FAF18F}"
EndProject
Project("{FAE04EC0-301F-11D3-BF4B-00C04F79EFBC}") = "ZakYip.Sorting.RuleEngine.Application", "ZakYip.Sorting.RuleEngine.Application\ZakYip.Sorting.RuleEngine.Application.csproj", "{1F074B7E-9B96-4A86-A994-22C6867D55F4}"
EndProject
Project("{FAE04EC0-301F-11D3-BF4B-00C04F79EFBC}") = "ZakYip.Sorting.RuleEngine.Infrastructure", "ZakYip.Sorting.RuleEngine.Infrastructure\ZakYip.Sorting.RuleEngine.Infrastructure.csproj", "{93C4B515-6995-4678-BB0A-3362D67B3D02}"
EndProject
Project("{FAE04EC0-301F-11D3-BF4B-00C04F79EFBC}") = "ZakYip.Sorting.RuleEngine.Service", "ZakYip.Sorting.RuleEngine.Service\ZakYip.Sorting.RuleEngine.Service.csproj", "{72ADF77E-708C-45D7-9DA1-2F4F5F9A3104}"
EndProject
Project("{FAE04EC0-301F-11D3-BF4B-00C04F79EFBC}") = "ZakYip.Sorting.RuleEngine.Tests", "ZakYip.Sorting.RuleEngine.Tests\ZakYip.Sorting.RuleEngine.Tests.csproj", "{81BB4E19-350E-450C-A1EB-1AC272440211}"
EndProject
Project("{FAE04EC0-301F-11D3-BF4B-00C04F79EFBC}") = "ZakYip.Sorting.RuleEngine.TestConsole", "ZakYip.Sorting.RuleEngine.TestConsole\ZakYip.Sorting.RuleEngine.TestConsole.csproj", "{0E166932-E042-4E3A-A243-AB6ED668A4CB}"
EndProject
Project("{FAE04EC0-301F-11D3-BF4B-00C04F79EFBC}") = "ZakYip.Sorting.RuleEngine.Benchmarks", "ZakYip.Sorting.RuleEngine.Benchmarks\ZakYip.Sorting.RuleEngine.Benchmarks.csproj", "{6767ED08-3CF1-449F-A9A4-80D9A0B03433}"
EndProject
Project("{FAE04EC0-301F-11D3-BF4B-00C04F79EFBC}") = "ZakYip.Sorting.RuleEngine.LoadTests", "ZakYip.Sorting.RuleEngine.LoadTests\ZakYip.Sorting.RuleEngine.LoadTests.csproj", "{31C94136-691F-49C2-B5F3-6E270156FD69}"
EndProject
Project("{FAE04EC0-301F-11D3-BF4B-00C04F79EFBC}") = "ZakYip.Sorting.RuleEngine.WcsApiClient.ConsoleTest", "ZakYip.Sorting.RuleEngine.WcsApiClient.ConsoleTest\ZakYip.Sorting.RuleEngine.WcsApiClient.ConsoleTest.csproj", "{5EE83432-E11F-42D2-B30C-F4AA767AC080}"
EndProject
Project("{FAE04EC0-301F-11D3-BF4B-00C04F79EFBC}") = "ZakYip.Sorting.RuleEngine.WdtWmsApiClient.ConsoleTest", "ZakYip.Sorting.RuleEngine.WdtWmsApiClient.ConsoleTest\ZakYip.Sorting.RuleEngine.WdtWmsApiClient.ConsoleTest.csproj", "{BD494596-A59D-4FBD-8FBC-8BBDA9CB8559}"
EndProject
Project("{FAE04EC0-301F-11D3-BF4B-00C04F79EFBC}") = "ZakYip.Sorting.RuleEngine.JushuitanErpApiClient.ConsoleTest", "ZakYip.Sorting.RuleEngine.JushuitanErpApiClient.ConsoleTest\ZakYip.Sorting.RuleEngine.JushuitanErpApiClient.ConsoleTest.csproj", "{A14CB086-0125-4116-BD93-A1DC6421C7D9}"
EndProject
Global
	GlobalSection(SolutionConfigurationPlatforms) = preSolution
		Debug|Any CPU = Debug|Any CPU
		Debug|x64 = Debug|x64
		Debug|x86 = Debug|x86
		Release|Any CPU = Release|Any CPU
		Release|x64 = Release|x64
		Release|x86 = Release|x86
	EndGlobalSection
	GlobalSection(ProjectConfigurationPlatforms) = postSolution
		{9C4B8CBC-F53F-48DD-A896-7526FE097717}.Debug|Any CPU.ActiveCfg = Debug|Any CPU
		{9C4B8CBC-F53F-48DD-A896-7526FE097717}.Debug|Any CPU.Build.0 = Debug|Any CPU
		{9C4B8CBC-F53F-48DD-A896-7526FE097717}.Debug|x64.ActiveCfg = Debug|Any CPU
		{9C4B8CBC-F53F-48DD-A896-7526FE097717}.Debug|x64.Build.0 = Debug|Any CPU
		{9C4B8CBC-F53F-48DD-A896-7526FE097717}.Debug|x86.ActiveCfg = Debug|Any CPU
		{9C4B8CBC-F53F-48DD-A896-7526FE097717}.Debug|x86.Build.0 = Debug|Any CPU
		{9C4B8CBC-F53F-48DD-A896-7526FE097717}.Release|Any CPU.ActiveCfg = Release|Any CPU
		{9C4B8CBC-F53F-48DD-A896-7526FE097717}.Release|Any CPU.Build.0 = Release|Any CPU
		{9C4B8CBC-F53F-48DD-A896-7526FE097717}.Release|x64.ActiveCfg = Release|Any CPU
		{9C4B8CBC-F53F-48DD-A896-7526FE097717}.Release|x64.Build.0 = Release|Any CPU
		{9C4B8CBC-F53F-48DD-A896-7526FE097717}.Release|x86.ActiveCfg = Release|Any CPU
		{9C4B8CBC-F53F-48DD-A896-7526FE097717}.Release|x86.Build.0 = Release|Any CPU
		{FA1A5522-AB38-41D4-98B7-CEB251FAF18F}.Debug|Any CPU.ActiveCfg = Debug|Any CPU
		{FA1A5522-AB38-41D4-98B7-CEB251FAF18F}.Debug|Any CPU.Build.0 = Debug|Any CPU
		{FA1A5522-AB38-41D4-98B7-CEB251FAF18F}.Debug|x64.ActiveCfg = Debug|Any CPU
		{FA1A5522-AB38-41D4-98B7-CEB251FAF18F}.Debug|x64.Build.0 = Debug|Any CPU
		{FA1A5522-AB38-41D4-98B7-CEB251FAF18F}.Debug|x86.ActiveCfg = Debug|Any CPU
		{FA1A5522-AB38-41D4-98B7-CEB251FAF18F}.Debug|x86.Build.0 = Debug|Any CPU
		{FA1A5522-AB38-41D4-98B7-CEB251FAF18F}.Release|Any CPU.ActiveCfg = Release|Any CPU
		{FA1A5522-AB38-41D4-98B7-CEB251FAF18F}.Release|Any CPU.Build.0 = Release|Any CPU
		{FA1A5522-AB38-41D4-98B7-CEB251FAF18F}.Release|x64.ActiveCfg = Release|Any CPU
		{FA1A5522-AB38-41D4-98B7-CEB251FAF18F}.Release|x64.Build.0 = Release|Any CPU
		{FA1A5522-AB38-41D4-98B7-CEB251FAF18F}.Release|x86.ActiveCfg = Release|Any CPU
		{FA1A5522-AB38-41D4-98B7-CEB251FAF18F}.Release|x86.Build.0 = Release|Any CPU
		{1F074B7E-9B96-4A86-A994-22C6867D55F4}.Debug|Any CPU.ActiveCfg = Debug|Any CPU
		{1F074B7E-9B96-4A86-A994-22C6867D55F4}.Debug|Any CPU.Build.0 = Debug|Any CPU
		{1F074B7E-9B96-4A86-A994-22C6867D55F4}.Debug|x64.ActiveCfg = Debug|Any CPU
		{1F074B7E-9B96-4A86-A994-22C6867D55F4}.Debug|x64.Build.0 = Debug|Any CPU
		{1F074B7E-9B96-4A86-A994-22C6867D55F4}.Debug|x86.ActiveCfg = Debug|Any CPU
		{1F074B7E-9B96-4A86-A994-22C6867D55F4}.Debug|x86.Build.0 = Debug|Any CPU
		{1F074B7E-9B96-4A86-A994-22C6867D55F4}.Release|Any CPU.ActiveCfg = Release|Any CPU
		{1F074B7E-9B96-4A86-A994-22C6867D55F4}.Release|Any CPU.Build.0 = Release|Any CPU
		{1F074B7E-9B96-4A86-A994-22C6867D55F4}.Release|x64.ActiveCfg = Release|Any CPU
		{1F074B7E-9B96-4A86-A994-22C6867D55F4}.Release|x64.Build.0 = Release|Any CPU
		{1F074B7E-9B96-4A86-A994-22C6867D55F4}.Release|x86.ActiveCfg = Release|Any CPU
		{1F074B7E-9B96-4A86-A994-22C6867D55F4}.Release|x86.Build.0 = Release|Any CPU
		{93C4B515-6995-4678-BB0A-3362D67B3D02}.Debug|Any CPU.ActiveCfg = Debug|Any CPU
		{93C4B515-6995-4678-BB0A-3362D67B3D02}.Debug|Any CPU.Build.0 = Debug|Any CPU
		{93C4B515-6995-4678-BB0A-3362D67B3D02}.Debug|x64.ActiveCfg = Debug|Any CPU
		{93C4B515-6995-4678-BB0A-3362D67B3D02}.Debug|x64.Build.0 = Debug|Any CPU
		{93C4B515-6995-4678-BB0A-3362D67B3D02}.Debug|x86.ActiveCfg = Debug|Any CPU
		{93C4B515-6995-4678-BB0A-3362D67B3D02}.Debug|x86.Build.0 = Debug|Any CPU
		{93C4B515-6995-4678-BB0A-3362D67B3D02}.Release|Any CPU.ActiveCfg = Release|Any CPU
		{93C4B515-6995-4678-BB0A-3362D67B3D02}.Release|Any CPU.Build.0 = Release|Any CPU
		{93C4B515-6995-4678-BB0A-3362D67B3D02}.Release|x64.ActiveCfg = Release|Any CPU
		{93C4B515-6995-4678-BB0A-3362D67B3D02}.Release|x64.Build.0 = Release|Any CPU
		{93C4B515-6995-4678-BB0A-3362D67B3D02}.Release|x86.ActiveCfg = Release|Any CPU
		{93C4B515-6995-4678-BB0A-3362D67B3D02}.Release|x86.Build.0 = Release|Any CPU
		{72ADF77E-708C-45D7-9DA1-2F4F5F9A3104}.Debug|Any CPU.ActiveCfg = Debug|Any CPU
		{72ADF77E-708C-45D7-9DA1-2F4F5F9A3104}.Debug|Any CPU.Build.0 = Debug|Any CPU
		{72ADF77E-708C-45D7-9DA1-2F4F5F9A3104}.Debug|x64.ActiveCfg = Debug|Any CPU
		{72ADF77E-708C-45D7-9DA1-2F4F5F9A3104}.Debug|x64.Build.0 = Debug|Any CPU
		{72ADF77E-708C-45D7-9DA1-2F4F5F9A3104}.Debug|x86.ActiveCfg = Debug|Any CPU
		{72ADF77E-708C-45D7-9DA1-2F4F5F9A3104}.Debug|x86.Build.0 = Debug|Any CPU
		{72ADF77E-708C-45D7-9DA1-2F4F5F9A3104}.Release|Any CPU.ActiveCfg = Release|Any CPU
		{72ADF77E-708C-45D7-9DA1-2F4F5F9A3104}.Release|Any CPU.Build.0 = Release|Any CPU
		{72ADF77E-708C-45D7-9DA1-2F4F5F9A3104}.Release|x64.ActiveCfg = Release|Any CPU
		{72ADF77E-708C-45D7-9DA1-2F4F5F9A3104}.Release|x64.Build.0 = Release|Any CPU
		{72ADF77E-708C-45D7-9DA1-2F4F5F9A3104}.Release|x86.ActiveCfg = Release|Any CPU
		{72ADF77E-708C-45D7-9DA1-2F4F5F9A3104}.Release|x86.Build.0 = Release|Any CPU
		{81BB4E19-350E-450C-A1EB-1AC272440211}.Debug|Any CPU.ActiveCfg = Debug|Any CPU
		{81BB4E19-350E-450C-A1EB-1AC272440211}.Debug|Any CPU.Build.0 = Debug|Any CPU
		{81BB4E19-350E-450C-A1EB-1AC272440211}.Debug|x64.ActiveCfg = Debug|Any CPU
		{81BB4E19-350E-450C-A1EB-1AC272440211}.Debug|x64.Build.0 = Debug|Any CPU
		{81BB4E19-350E-450C-A1EB-1AC272440211}.Debug|x86.ActiveCfg = Debug|Any CPU
		{81BB4E19-350E-450C-A1EB-1AC272440211}.Debug|x86.Build.0 = Debug|Any CPU
		{81BB4E19-350E-450C-A1EB-1AC272440211}.Release|Any CPU.ActiveCfg = Release|Any CPU
		{81BB4E19-350E-450C-A1EB-1AC272440211}.Release|Any CPU.Build.0 = Release|Any CPU
		{81BB4E19-350E-450C-A1EB-1AC272440211}.Release|x64.ActiveCfg = Release|Any CPU
		{81BB4E19-350E-450C-A1EB-1AC272440211}.Release|x64.Build.0 = Release|Any CPU
		{81BB4E19-350E-450C-A1EB-1AC272440211}.Release|x86.ActiveCfg = Release|Any CPU
		{81BB4E19-350E-450C-A1EB-1AC272440211}.Release|x86.Build.0 = Release|Any CPU
		{0E166932-E042-4E3A-A243-AB6ED668A4CB}.Debug|Any CPU.ActiveCfg = Debug|Any CPU
		{0E166932-E042-4E3A-A243-AB6ED668A4CB}.Debug|Any CPU.Build.0 = Debug|Any CPU
		{0E166932-E042-4E3A-A243-AB6ED668A4CB}.Debug|x64.ActiveCfg = Debug|Any CPU
		{0E166932-E042-4E3A-A243-AB6ED668A4CB}.Debug|x64.Build.0 = Debug|Any CPU
		{0E166932-E042-4E3A-A243-AB6ED668A4CB}.Debug|x86.ActiveCfg = Debug|Any CPU
		{0E166932-E042-4E3A-A243-AB6ED668A4CB}.Debug|x86.Build.0 = Debug|Any CPU
		{0E166932-E042-4E3A-A243-AB6ED668A4CB}.Release|Any CPU.ActiveCfg = Release|Any CPU
		{0E166932-E042-4E3A-A243-AB6ED668A4CB}.Release|Any CPU.Build.0 = Release|Any CPU
		{0E166932-E042-4E3A-A243-AB6ED668A4CB}.Release|x64.ActiveCfg = Release|Any CPU
		{0E166932-E042-4E3A-A243-AB6ED668A4CB}.Release|x64.Build.0 = Release|Any CPU
		{0E166932-E042-4E3A-A243-AB6ED668A4CB}.Release|x86.ActiveCfg = Release|Any CPU
		{0E166932-E042-4E3A-A243-AB6ED668A4CB}.Release|x86.Build.0 = Release|Any CPU
		{6767ED08-3CF1-449F-A9A4-80D9A0B03433}.Debug|Any CPU.ActiveCfg = Debug|Any CPU
		{6767ED08-3CF1-449F-A9A4-80D9A0B03433}.Debug|Any CPU.Build.0 = Debug|Any CPU
		{6767ED08-3CF1-449F-A9A4-80D9A0B03433}.Debug|x64.ActiveCfg = Debug|Any CPU
		{6767ED08-3CF1-449F-A9A4-80D9A0B03433}.Debug|x64.Build.0 = Debug|Any CPU
		{6767ED08-3CF1-449F-A9A4-80D9A0B03433}.Debug|x86.ActiveCfg = Debug|Any CPU
		{6767ED08-3CF1-449F-A9A4-80D9A0B03433}.Debug|x86.Build.0 = Debug|Any CPU
		{6767ED08-3CF1-449F-A9A4-80D9A0B03433}.Release|Any CPU.ActiveCfg = Release|Any CPU
		{6767ED08-3CF1-449F-A9A4-80D9A0B03433}.Release|Any CPU.Build.0 = Release|Any CPU
		{6767ED08-3CF1-449F-A9A4-80D9A0B03433}.Release|x64.ActiveCfg = Release|Any CPU
		{6767ED08-3CF1-449F-A9A4-80D9A0B03433}.Release|x64.Build.0 = Release|Any CPU
		{6767ED08-3CF1-449F-A9A4-80D9A0B03433}.Release|x86.ActiveCfg = Release|Any CPU
		{6767ED08-3CF1-449F-A9A4-80D9A0B03433}.Release|x86.Build.0 = Release|Any CPU
		{31C94136-691F-49C2-B5F3-6E270156FD69}.Debug|Any CPU.ActiveCfg = Debug|Any CPU
		{31C94136-691F-49C2-B5F3-6E270156FD69}.Debug|Any CPU.Build.0 = Debug|Any CPU
		{31C94136-691F-49C2-B5F3-6E270156FD69}.Debug|x64.ActiveCfg = Debug|Any CPU
		{31C94136-691F-49C2-B5F3-6E270156FD69}.Debug|x64.Build.0 = Debug|Any CPU
		{31C94136-691F-49C2-B5F3-6E270156FD69}.Debug|x86.ActiveCfg = Debug|Any CPU
		{31C94136-691F-49C2-B5F3-6E270156FD69}.Debug|x86.Build.0 = Debug|Any CPU
		{31C94136-691F-49C2-B5F3-6E270156FD69}.Release|Any CPU.ActiveCfg = Release|Any CPU
		{31C94136-691F-49C2-B5F3-6E270156FD69}.Release|Any CPU.Build.0 = Release|Any CPU
		{31C94136-691F-49C2-B5F3-6E270156FD69}.Release|x64.ActiveCfg = Release|Any CPU
		{31C94136-691F-49C2-B5F3-6E270156FD69}.Release|x64.Build.0 = Release|Any CPU
		{31C94136-691F-49C2-B5F3-6E270156FD69}.Release|x86.ActiveCfg = Release|Any CPU
		{31C94136-691F-49C2-B5F3-6E270156FD69}.Release|x86.Build.0 = Release|Any CPU
		{5EE83432-E11F-42D2-B30C-F4AA767AC080}.Debug|Any CPU.ActiveCfg = Debug|Any CPU
		{5EE83432-E11F-42D2-B30C-F4AA767AC080}.Debug|Any CPU.Build.0 = Debug|Any CPU
		{5EE83432-E11F-42D2-B30C-F4AA767AC080}.Debug|x64.ActiveCfg = Debug|Any CPU
		{5EE83432-E11F-42D2-B30C-F4AA767AC080}.Debug|x64.Build.0 = Debug|Any CPU
		{5EE83432-E11F-42D2-B30C-F4AA767AC080}.Debug|x86.ActiveCfg = Debug|Any CPU
		{5EE83432-E11F-42D2-B30C-F4AA767AC080}.Debug|x86.Build.0 = Debug|Any CPU
		{5EE83432-E11F-42D2-B30C-F4AA767AC080}.Release|Any CPU.ActiveCfg = Release|Any CPU
		{5EE83432-E11F-42D2-B30C-F4AA767AC080}.Release|Any CPU.Build.0 = Release|Any CPU
		{5EE83432-E11F-42D2-B30C-F4AA767AC080}.Release|x64.ActiveCfg = Release|Any CPU
		{5EE83432-E11F-42D2-B30C-F4AA767AC080}.Release|x64.Build.0 = Release|Any CPU
		{5EE83432-E11F-42D2-B30C-F4AA767AC080}.Release|x86.ActiveCfg = Release|Any CPU
		{5EE83432-E11F-42D2-B30C-F4AA767AC080}.Release|x86.Build.0 = Release|Any CPU
		{BD494596-A59D-4FBD-8FBC-8BBDA9CB8559}.Debug|Any CPU.ActiveCfg = Debug|Any CPU
		{BD494596-A59D-4FBD-8FBC-8BBDA9CB8559}.Debug|Any CPU.Build.0 = Debug|Any CPU
		{BD494596-A59D-4FBD-8FBC-8BBDA9CB8559}.Debug|x64.ActiveCfg = Debug|Any CPU
		{BD494596-A59D-4FBD-8FBC-8BBDA9CB8559}.Debug|x64.Build.0 = Debug|Any CPU
		{BD494596-A59D-4FBD-8FBC-8BBDA9CB8559}.Debug|x86.ActiveCfg = Debug|Any CPU
		{BD494596-A59D-4FBD-8FBC-8BBDA9CB8559}.Debug|x86.Build.0 = Debug|Any CPU
		{BD494596-A59D-4FBD-8FBC-8BBDA9CB8559}.Release|Any CPU.ActiveCfg = Release|Any CPU
		{BD494596-A59D-4FBD-8FBC-8BBDA9CB8559}.Release|Any CPU.Build.0 = Release|Any CPU
		{BD494596-A59D-4FBD-8FBC-8BBDA9CB8559}.Release|x64.ActiveCfg = Release|Any CPU
		{BD494596-A59D-4FBD-8FBC-8BBDA9CB8559}.Release|x64.Build.0 = Release|Any CPU
		{BD494596-A59D-4FBD-8FBC-8BBDA9CB8559}.Release|x86.ActiveCfg = Release|Any CPU
		{BD494596-A59D-4FBD-8FBC-8BBDA9CB8559}.Release|x86.Build.0 = Release|Any CPU
		{A14CB086-0125-4116-BD93-A1DC6421C7D9}.Debug|Any CPU.ActiveCfg = Debug|Any CPU
		{A14CB086-0125-4116-BD93-A1DC6421C7D9}.Debug|Any CPU.Build.0 = Debug|Any CPU
		{A14CB086-0125-4116-BD93-A1DC6421C7D9}.Debug|x64.ActiveCfg = Debug|Any CPU
		{A14CB086-0125-4116-BD93-A1DC6421C7D9}.Debug|x64.Build.0 = Debug|Any CPU
		{A14CB086-0125-4116-BD93-A1DC6421C7D9}.Debug|x86.ActiveCfg = Debug|Any CPU
		{A14CB086-0125-4116-BD93-A1DC6421C7D9}.Debug|x86.Build.0 = Debug|Any CPU
		{A14CB086-0125-4116-BD93-A1DC6421C7D9}.Release|Any CPU.ActiveCfg = Release|Any CPU
		{A14CB086-0125-4116-BD93-A1DC6421C7D9}.Release|Any CPU.Build.0 = Release|Any CPU
		{A14CB086-0125-4116-BD93-A1DC6421C7D9}.Release|x64.ActiveCfg = Release|Any CPU
		{A14CB086-0125-4116-BD93-A1DC6421C7D9}.Release|x64.Build.0 = Release|Any CPU
		{A14CB086-0125-4116-BD93-A1DC6421C7D9}.Release|x86.ActiveCfg = Release|Any CPU
		{A14CB086-0125-4116-BD93-A1DC6421C7D9}.Release|x86.Build.0 = Release|Any CPU
	EndGlobalSection
	GlobalSection(NestedProjects) = preSolution
		{9C4B8CBC-F53F-48DD-A896-7526FE097717} = {8E4A3F5D-7B9C-4F8A-9E3D-2A5B6C1D8E4F}
		{FA1A5522-AB38-41D4-98B7-CEB251FAF18F} = {9D5B4F6E-8C0D-4F9B-0F4E-3B6C7D2E9F5G}
		{1F074B7E-9B96-4A86-A994-22C6867D55F4} = {0E6C5G7F-9D1E-4G0C-1G5F-4C7D8E3F0G6H}
		{93C4B515-6995-4678-BB0A-3362D67B3D02} = {1F7D6H8G-0E2F-4H1D-2H6G-5D8E9F4G1H7I}
		{72ADF77E-708C-45D7-9DA1-2F4F5F9A3104} = {2G8E7I9H-1F3G-4I2E-3I7H-6E9F0G5H2I8J}
		{81BB4E19-350E-450C-A1EB-1AC272440211} = {3H9F8J0I-2G4H-4J3F-4J8I-7F0G1H6I3J9K}
		{6767ED08-3CF1-449F-A9A4-80D9A0B03433} = {3H9F8J0I-2G4H-4J3F-4J8I-7F0G1H6I3J9K}
		{31C94136-691F-49C2-B5F3-6E270156FD69} = {3H9F8J0I-2G4H-4J3F-4J8I-7F0G1H6I3J9K}
		{0E166932-E042-4E3A-A243-AB6ED668A4CB} = {4I0G9K1J-3H5I-4K4G-5K9J-8G1H2I7J4K0L}
		{5EE83432-E11F-42D2-B30C-F4AA767AC080} = {4I0G9K1J-3H5I-4K4G-5K9J-8G1H2I7J4K0L}
		{BD494596-A59D-4FBD-8FBC-8BBDA9CB8559} = {4I0G9K1J-3H5I-4K4G-5K9J-8G1H2I7J4K0L}
		{A14CB086-0125-4116-BD93-A1DC6421C7D9} = {4I0G9K1J-3H5I-4K4G-5K9J-8G1H2I7J4K0L}
	EndGlobalSection
	GlobalSection(SolutionProperties) = preSolution
		HideSolutionNode = FALSE
	EndGlobalSection
	GlobalSection(ExtensibilityGlobals) = postSolution
		SolutionGuid = {E1321DB1-6AFE-499A-B1D8-485B988F98E0}
	EndGlobalSection
EndGlobal
